
Microsoft Visual Studio Solution File, Format Version 12.00
# Visual Studio Version 16
VisualStudioVersion = 16.0.30204.135
MinimumVisualStudioVersion = 10.0.40219.1
Project("{FAE04EC0-301F-11D3-BF4B-00C04F79EFBC}") = "Data_AugTool", "Data_AugTool\Data_AugTool.csproj", "{3BF863C8-0FC4-44D0-A433-22013A86DA88}"
EndProject
Global
	GlobalSection(SolutionConfigurationPlatforms) = preSolution
		Debug|Any CPU = Debug|Any CPU
		Release|Any CPU = Release|Any CPU
	EndGlobalSection
	GlobalSection(ProjectConfigurationPlatforms) = postSolution
		{3BF863C8-0FC4-44D0-A433-22013A86DA88}.Debug|Any CPU.ActiveCfg = Debug|Any CPU
		{3BF863C8-0FC4-44D0-A433-22013A86DA88}.Debug|Any CPU.Build.0 = Debug|Any CPU
		{3BF863C8-0FC4-44D0-A433-22013A86DA88}.Release|Any CPU.ActiveCfg = Release|Any CPU
		{3BF863C8-0FC4-44D0-A433-22013A86DA88}.Release|Any CPU.Build.0 = Release|Any CPU
	EndGlobalSection
	GlobalSection(SolutionProperties) = preSolution
		HideSolutionNode = FALSE
	EndGlobalSection
	GlobalSection(ExtensibilityGlobals) = postSolution
		SolutionGuid = {069A724E-3614-4D3D-9292-504926E0C7EE}
	EndGlobalSection
EndGlobal
